// !$*UTF8*$!
{
	archiveVersion = 1;
	classes = {
	};
	objectVersion = 55;
	objects = {

/* Begin PBXBuildFile section */
		0C2B0B4528B68A0B00D03CD6 /* GradientView.swift in Sources */ = {isa = PBXBuildFile; fileRef = 0C2B0B4428B68A0B00D03CD6 /* GradientView.swift */; };
		0C2B0B4728B69AF200D03CD6 /* WaitingChatCell.swift in Sources */ = {isa = PBXBuildFile; fileRef = 0C2B0B4628B69AF200D03CD6 /* WaitingChatCell.swift */; };
		0C703CFD2891014E00E88921 /* UIButton + Extension.swift in Sources */ = {isa = PBXBuildFile; fileRef = 0C703CFC2891014E00E88921 /* UIButton + Extension.swift */; };
		0C703CFF2891069C00E88921 /* UIFont + Extension.swift in Sources */ = {isa = PBXBuildFile; fileRef = 0C703CFE2891069C00E88921 /* UIFont + Extension.swift */; };
		0C703D012891072400E88921 /* UIlabel + Extension.swift in Sources */ = {isa = PBXBuildFile; fileRef = 0C703D002891072400E88921 /* UIlabel + Extension.swift */; };
		0C703D032891079400E88921 /* UIImageView + Extension.swift in Sources */ = {isa = PBXBuildFile; fileRef = 0C703D022891079400E88921 /* UIImageView + Extension.swift */; };
		0C703D0728910B7E00E88921 /* UIColor + Extension.swift in Sources */ = {isa = PBXBuildFile; fileRef = 0C703D0628910B7E00E88921 /* UIColor + Extension.swift */; };
		0C703D09289118D800E88921 /* ButtonFormView.swift in Sources */ = {isa = PBXBuildFile; fileRef = 0C703D08289118D800E88921 /* ButtonFormView.swift */; };
		0C703D0B2891209400E88921 /* UiStackView + Extension.swift in Sources */ = {isa = PBXBuildFile; fileRef = 0C703D0A2891209400E88921 /* UiStackView + Extension.swift */; };
		0C703D0D28914C2800E88921 /* SignUpViewController.swift in Sources */ = {isa = PBXBuildFile; fileRef = 0C703D0C28914C2800E88921 /* SignUpViewController.swift */; };
		0C703D0F289150FA00E88921 /* OneLineTextField.swift in Sources */ = {isa = PBXBuildFile; fileRef = 0C703D0E289150FA00E88921 /* OneLineTextField.swift */; };
		0C7CE1652897A1FC00217CE7 /* ListViewController.swift in Sources */ = {isa = PBXBuildFile; fileRef = 0C7CE1642897A1FC00217CE7 /* ListViewController.swift */; };
		0C7CE1682897A92400217CE7 /* PeopleViewController.swift in Sources */ = {isa = PBXBuildFile; fileRef = 0C7CE1672897A92400217CE7 /* PeopleViewController.swift */; };
		0C7CE16A2897A95C00217CE7 /* MainTabBarController.swift in Sources */ = {isa = PBXBuildFile; fileRef = 0C7CE1692897A95C00217CE7 /* MainTabBarController.swift */; };
		0C8184E0288FBFA400925CEA /* AppDelegate.swift in Sources */ = {isa = PBXBuildFile; fileRef = 0C8184DF288FBFA400925CEA /* AppDelegate.swift */; };
		0C8184E2288FBFA400925CEA /* SceneDelegate.swift in Sources */ = {isa = PBXBuildFile; fileRef = 0C8184E1288FBFA400925CEA /* SceneDelegate.swift */; };
		0C8184E4288FBFA400925CEA /* AuthViewController.swift in Sources */ = {isa = PBXBuildFile; fileRef = 0C8184E3288FBFA400925CEA /* AuthViewController.swift */; };
		0C8184E9288FBFA800925CEA /* Assets.xcassets in Resources */ = {isa = PBXBuildFile; fileRef = 0C8184E8288FBFA800925CEA /* Assets.xcassets */; };
		0C8184EC288FBFA800925CEA /* LaunchScreen.storyboard in Resources */ = {isa = PBXBuildFile; fileRef = 0C8184EA288FBFA800925CEA /* LaunchScreen.storyboard */; };
		0C86F9D02893B2A500BB7B2A /* LoginViewController.swift in Sources */ = {isa = PBXBuildFile; fileRef = 0C86F9CF2893B2A500BB7B2A /* LoginViewController.swift */; };
		0C86F9D228944B4400BB7B2A /* SetupProfileViewController.swift in Sources */ = {isa = PBXBuildFile; fileRef = 0C86F9D128944B4400BB7B2A /* SetupProfileViewController.swift */; };
		0C86F9D42894F6D300BB7B2A /* AddPhotoView.swift in Sources */ = {isa = PBXBuildFile; fileRef = 0C86F9D32894F6D300BB7B2A /* AddPhotoView.swift */; };
		0C86F9D628951D1E00BB7B2A /* UISegmentetController + Extension.swift in Sources */ = {isa = PBXBuildFile; fileRef = 0C86F9D528951D1E00BB7B2A /* UISegmentetController + Extension.swift */; };
		0C93D6AE28D24ED900986563 /* ProfileUserViewController.swift in Sources */ = {isa = PBXBuildFile; fileRef = 0C93D6AD28D24ED900986563 /* ProfileUserViewController.swift */; };
		0CB90BD828B53C5A007A2591 /* ActiveChatCell.swift in Sources */ = {isa = PBXBuildFile; fileRef = 0CB90BD728B53C5A007A2591 /* ActiveChatCell.swift */; };
		0CC14D6928B3FD2600CB0D13 /* waitingChats.json in Resources */ = {isa = PBXBuildFile; fileRef = 0CC14D6728B3FD2600CB0D13 /* waitingChats.json */; };
		0CC14D6A28B3FD2600CB0D13 /* activeChats.json in Resources */ = {isa = PBXBuildFile; fileRef = 0CC14D6828B3FD2600CB0D13 /* activeChats.json */; };
		0CC14D6C28B3FDCE00CB0D13 /* Bundle-Decodeble.swift in Sources */ = {isa = PBXBuildFile; fileRef = 0CC14D6B28B3FDCE00CB0D13 /* Bundle-Decodeble.swift */; };
		0CD50F1A28B7E6250032E81F /* SectionHeader.swift in Sources */ = {isa = PBXBuildFile; fileRef = 0CD50F1928B7E6250032E81F /* SectionHeader.swift */; };
		0CFEF4BB28CDFA9A00722948 /* users.json in Resources */ = {isa = PBXBuildFile; fileRef = 0CFEF4BA28CDFA9A00722948 /* users.json */; };
		0CFEF4BD28CDFB0200722948 /* MChat.swift in Sources */ = {isa = PBXBuildFile; fileRef = 0CFEF4BC28CDFB0200722948 /* MChat.swift */; };
		0CFEF4BF28CDFB1B00722948 /* MUser.swift in Sources */ = {isa = PBXBuildFile; fileRef = 0CFEF4BE28CDFB1B00722948 /* MUser.swift */; };
		0CFEF4CC28CE4F3C00722948 /* UserCell.swift in Sources */ = {isa = PBXBuildFile; fileRef = 0CFEF4CB28CE4F3C00722948 /* UserCell.swift */; };
		0CFEF4CE28CE502D00722948 /* SelfConfigureCellProtocol.swift in Sources */ = {isa = PBXBuildFile; fileRef = 0CFEF4CD28CE502D00722948 /* SelfConfigureCellProtocol.swift */; };
		0CFEF4D028CE520A00722948 /* UIViewController + Extension.swift in Sources */ = {isa = PBXBuildFile; fileRef = 0CFEF4CF28CE520A00722948 /* UIViewController + Extension.swift */; };
/* End PBXBuildFile section */

/* Begin PBXFileReference section */
		0C2B0B4428B68A0B00D03CD6 /* GradientView.swift */ = {isa = PBXFileReference; lastKnownFileType = sourcecode.swift; path = GradientView.swift; sourceTree = "<group>"; };
		0C2B0B4628B69AF200D03CD6 /* WaitingChatCell.swift */ = {isa = PBXFileReference; lastKnownFileType = sourcecode.swift; path = WaitingChatCell.swift; sourceTree = "<group>"; };
		0C703CFC2891014E00E88921 /* UIButton + Extension.swift */ = {isa = PBXFileReference; lastKnownFileType = sourcecode.swift; path = "UIButton + Extension.swift"; sourceTree = "<group>"; };
		0C703CFE2891069C00E88921 /* UIFont + Extension.swift */ = {isa = PBXFileReference; lastKnownFileType = sourcecode.swift; path = "UIFont + Extension.swift"; sourceTree = "<group>"; };
		0C703D002891072400E88921 /* UIlabel + Extension.swift */ = {isa = PBXFileReference; lastKnownFileType = sourcecode.swift; path = "UIlabel + Extension.swift"; sourceTree = "<group>"; };
		0C703D022891079400E88921 /* UIImageView + Extension.swift */ = {isa = PBXFileReference; lastKnownFileType = sourcecode.swift; path = "UIImageView + Extension.swift"; sourceTree = "<group>"; };
		0C703D0628910B7E00E88921 /* UIColor + Extension.swift */ = {isa = PBXFileReference; lastKnownFileType = sourcecode.swift; path = "UIColor + Extension.swift"; sourceTree = "<group>"; };
		0C703D08289118D800E88921 /* ButtonFormView.swift */ = {isa = PBXFileReference; lastKnownFileType = sourcecode.swift; path = ButtonFormView.swift; sourceTree = "<group>"; };
		0C703D0A2891209400E88921 /* UiStackView + Extension.swift */ = {isa = PBXFileReference; lastKnownFileType = sourcecode.swift; path = "UiStackView + Extension.swift"; sourceTree = "<group>"; };
		0C703D0C28914C2800E88921 /* SignUpViewController.swift */ = {isa = PBXFileReference; lastKnownFileType = sourcecode.swift; path = SignUpViewController.swift; sourceTree = "<group>"; };
		0C703D0E289150FA00E88921 /* OneLineTextField.swift */ = {isa = PBXFileReference; lastKnownFileType = sourcecode.swift; path = OneLineTextField.swift; sourceTree = "<group>"; };
		0C7CE1642897A1FC00217CE7 /* ListViewController.swift */ = {isa = PBXFileReference; lastKnownFileType = sourcecode.swift; path = ListViewController.swift; sourceTree = "<group>"; };
		0C7CE1672897A92400217CE7 /* PeopleViewController.swift */ = {isa = PBXFileReference; lastKnownFileType = sourcecode.swift; path = PeopleViewController.swift; sourceTree = "<group>"; };
		0C7CE1692897A95C00217CE7 /* MainTabBarController.swift */ = {isa = PBXFileReference; lastKnownFileType = sourcecode.swift; path = MainTabBarController.swift; sourceTree = "<group>"; };
		0C8184DC288FBFA400925CEA /* iChat.app */ = {isa = PBXFileReference; explicitFileType = wrapper.application; includeInIndex = 0; path = iChat.app; sourceTree = BUILT_PRODUCTS_DIR; };
		0C8184DF288FBFA400925CEA /* AppDelegate.swift */ = {isa = PBXFileReference; lastKnownFileType = sourcecode.swift; path = AppDelegate.swift; sourceTree = "<group>"; };
		0C8184E1288FBFA400925CEA /* SceneDelegate.swift */ = {isa = PBXFileReference; lastKnownFileType = sourcecode.swift; path = SceneDelegate.swift; sourceTree = "<group>"; };
		0C8184E3288FBFA400925CEA /* AuthViewController.swift */ = {isa = PBXFileReference; lastKnownFileType = sourcecode.swift; path = AuthViewController.swift; sourceTree = "<group>"; };
		0C8184E8288FBFA800925CEA /* Assets.xcassets */ = {isa = PBXFileReference; lastKnownFileType = folder.assetcatalog; path = Assets.xcassets; sourceTree = "<group>"; };
		0C8184EB288FBFA800925CEA /* Base */ = {isa = PBXFileReference; lastKnownFileType = file.storyboard; name = Base; path = Base.lproj/LaunchScreen.storyboard; sourceTree = "<group>"; };
		0C8184ED288FBFA800925CEA /* Info.plist */ = {isa = PBXFileReference; lastKnownFileType = text.plist.xml; path = Info.plist; sourceTree = "<group>"; };
		0C86F9CF2893B2A500BB7B2A /* LoginViewController.swift */ = {isa = PBXFileReference; lastKnownFileType = sourcecode.swift; path = LoginViewController.swift; sourceTree = "<group>"; };
		0C86F9D128944B4400BB7B2A /* SetupProfileViewController.swift */ = {isa = PBXFileReference; lastKnownFileType = sourcecode.swift; path = SetupProfileViewController.swift; sourceTree = "<group>"; };
		0C86F9D32894F6D300BB7B2A /* AddPhotoView.swift */ = {isa = PBXFileReference; lastKnownFileType = sourcecode.swift; path = AddPhotoView.swift; sourceTree = "<group>"; };
		0C86F9D528951D1E00BB7B2A /* UISegmentetController + Extension.swift */ = {isa = PBXFileReference; lastKnownFileType = sourcecode.swift; path = "UISegmentetController + Extension.swift"; sourceTree = "<group>"; };
		0C93D6AD28D24ED900986563 /* ProfileUserViewController.swift */ = {isa = PBXFileReference; lastKnownFileType = sourcecode.swift; path = ProfileUserViewController.swift; sourceTree = "<group>"; };
		0CB90BD728B53C5A007A2591 /* ActiveChatCell.swift */ = {isa = PBXFileReference; lastKnownFileType = sourcecode.swift; path = ActiveChatCell.swift; sourceTree = "<group>"; };
		0CC14D6728B3FD2600CB0D13 /* waitingChats.json */ = {isa = PBXFileReference; fileEncoding = 4; lastKnownFileType = text.json; path = waitingChats.json; sourceTree = "<group>"; };
		0CC14D6828B3FD2600CB0D13 /* activeChats.json */ = {isa = PBXFileReference; fileEncoding = 4; lastKnownFileType = text.json; path = activeChats.json; sourceTree = "<group>"; };
		0CC14D6B28B3FDCE00CB0D13 /* Bundle-Decodeble.swift */ = {isa = PBXFileReference; lastKnownFileType = sourcecode.swift; path = "Bundle-Decodeble.swift"; sourceTree = "<group>"; };
		0CD50F1928B7E6250032E81F /* SectionHeader.swift */ = {isa = PBXFileReference; lastKnownFileType = sourcecode.swift; path = SectionHeader.swift; sourceTree = "<group>"; };
		0CFEF4BA28CDFA9A00722948 /* users.json */ = {isa = PBXFileReference; fileEncoding = 4; lastKnownFileType = text.json; path = users.json; sourceTree = "<group>"; };
		0CFEF4BC28CDFB0200722948 /* MChat.swift */ = {isa = PBXFileReference; lastKnownFileType = sourcecode.swift; path = MChat.swift; sourceTree = "<group>"; };
		0CFEF4BE28CDFB1B00722948 /* MUser.swift */ = {isa = PBXFileReference; lastKnownFileType = sourcecode.swift; path = MUser.swift; sourceTree = "<group>"; };
		0CFEF4CB28CE4F3C00722948 /* UserCell.swift */ = {isa = PBXFileReference; lastKnownFileType = sourcecode.swift; path = UserCell.swift; sourceTree = "<group>"; };
		0CFEF4CD28CE502D00722948 /* SelfConfigureCellProtocol.swift */ = {isa = PBXFileReference; lastKnownFileType = sourcecode.swift; path = SelfConfigureCellProtocol.swift; sourceTree = "<group>"; };
		0CFEF4CF28CE520A00722948 /* UIViewController + Extension.swift */ = {isa = PBXFileReference; lastKnownFileType = sourcecode.swift; path = "UIViewController + Extension.swift"; sourceTree = "<group>"; };
/* End PBXFileReference section */

/* Begin PBXFrameworksBuildPhase section */
		0C8184D9288FBFA400925CEA /* Frameworks */ = {
			isa = PBXFrameworksBuildPhase;
			buildActionMask = 2147483647;
			files = (
			);
			runOnlyForDeploymentPostprocessing = 0;
		};
/* End PBXFrameworksBuildPhase section */

/* Begin PBXGroup section */
		0C703D042891086100E88921 /* UIKit */ = {
			isa = PBXGroup;
			children = (
				0C703CFE2891069C00E88921 /* UIFont + Extension.swift */,
				0C703D0A2891209400E88921 /* UiStackView + Extension.swift */,
				0C703D0628910B7E00E88921 /* UIColor + Extension.swift */,
				0C703D022891079400E88921 /* UIImageView + Extension.swift */,
				0C703D002891072400E88921 /* UIlabel + Extension.swift */,
				0C703CFC2891014E00E88921 /* UIButton + Extension.swift */,
				0C86F9D528951D1E00BB7B2A /* UISegmentetController + Extension.swift */,
				0CFEF4CF28CE520A00722948 /* UIViewController + Extension.swift */,
			);
			path = UIKit;
			sourceTree = "<group>";
		};
		0C703D052891086D00E88921 /* Extensions */ = {
			isa = PBXGroup;
			children = (
				0C2B0B4428B68A0B00D03CD6 /* GradientView.swift */,
				0C703D08289118D800E88921 /* ButtonFormView.swift */,
				0C86F9D32894F6D300BB7B2A /* AddPhotoView.swift */,
				0C703D0E289150FA00E88921 /* OneLineTextField.swift */,
				0CC14D6B28B3FDCE00CB0D13 /* Bundle-Decodeble.swift */,
				0CD50F1928B7E6250032E81F /* SectionHeader.swift */,
				0C703D042891086100E88921 /* UIKit */,
			);
			path = Extensions;
			sourceTree = "<group>";
		};
		0C7CE1632897A1C300217CE7 /* SignIn&Auth */ = {
			isa = PBXGroup;
			children = (
				0C8184E3288FBFA400925CEA /* AuthViewController.swift */,
				0C703D0C28914C2800E88921 /* SignUpViewController.swift */,
				0C86F9CF2893B2A500BB7B2A /* LoginViewController.swift */,
				0C86F9D128944B4400BB7B2A /* SetupProfileViewController.swift */,
			);
			path = "SignIn&Auth";
			sourceTree = "<group>";
		};
		0C7CE1662897A20000217CE7 /* Controllers */ = {
			isa = PBXGroup;
			children = (
				0CB90BD628B53C3E007A2591 /* Cells */,
				0C7CE1642897A1FC00217CE7 /* ListViewController.swift */,
				0C7CE1672897A92400217CE7 /* PeopleViewController.swift */,
				0C93D6AD28D24ED900986563 /* ProfileUserViewController.swift */,
				0C7CE1692897A95C00217CE7 /* MainTabBarController.swift */,
			);
			path = Controllers;
			sourceTree = "<group>";
		};
		0C8184D3288FBFA400925CEA = {
			isa = PBXGroup;
			children = (
				0C8184DE288FBFA400925CEA /* iChat */,
				0C8184DD288FBFA400925CEA /* Products */,
			);
			sourceTree = "<group>";
		};
		0C8184DD288FBFA400925CEA /* Products */ = {
			isa = PBXGroup;
			children = (
				0C8184DC288FBFA400925CEA /* iChat.app */,
			);
			name = Products;
			sourceTree = "<group>";
		};
		0C8184DE288FBFA400925CEA /* iChat */ = {
			isa = PBXGroup;
			children = (
				0C8184DF288FBFA400925CEA /* AppDelegate.swift */,
				0C8184E1288FBFA400925CEA /* SceneDelegate.swift */,
				0CFEF4C028CDFB7500722948 /* Model */,
				0C7CE1662897A20000217CE7 /* Controllers */,
				0C7CE1632897A1C300217CE7 /* SignIn&Auth */,
				0C703D052891086D00E88921 /* Extensions */,
				0CC14D6828B3FD2600CB0D13 /* activeChats.json */,
				0CFEF4BA28CDFA9A00722948 /* users.json */,
				0CC14D6728B3FD2600CB0D13 /* waitingChats.json */,
				0C8184E8288FBFA800925CEA /* Assets.xcassets */,
				0C8184EA288FBFA800925CEA /* LaunchScreen.storyboard */,
				0C8184ED288FBFA800925CEA /* Info.plist */,
			);
			path = iChat;
			sourceTree = "<group>";
		};
		0CB90BD628B53C3E007A2591 /* Cells */ = {
			isa = PBXGroup;
			children = (
				0CB90BD728B53C5A007A2591 /* ActiveChatCell.swift */,
				0C2B0B4628B69AF200D03CD6 /* WaitingChatCell.swift */,
				0CFEF4CB28CE4F3C00722948 /* UserCell.swift */,
				0CFEF4CD28CE502D00722948 /* SelfConfigureCellProtocol.swift */,
			);
			path = Cells;
			sourceTree = "<group>";
		};
		0CFEF4C028CDFB7500722948 /* Model */ = {
			isa = PBXGroup;
			children = (
				0CFEF4BC28CDFB0200722948 /* MChat.swift */,
				0CFEF4BE28CDFB1B00722948 /* MUser.swift */,
			);
			path = Model;
			sourceTree = "<group>";
		};
/* End PBXGroup section */

/* Begin PBXNativeTarget section */
		0C8184DB288FBFA400925CEA /* iChat */ = {
			isa = PBXNativeTarget;
			buildConfigurationList = 0C8184F0288FBFA800925CEA /* Build configuration list for PBXNativeTarget "iChat" */;
			buildPhases = (
				0C8184D8288FBFA400925CEA /* Sources */,
				0C8184D9288FBFA400925CEA /* Frameworks */,
				0C8184DA288FBFA400925CEA /* Resources */,
			);
			buildRules = (
			);
			dependencies = (
			);
			name = iChat;
			productName = iChat;
			productReference = 0C8184DC288FBFA400925CEA /* iChat.app */;
			productType = "com.apple.product-type.application";
		};
/* End PBXNativeTarget section */

/* Begin PBXProject section */
		0C8184D4288FBFA400925CEA /* Project object */ = {
			isa = PBXProject;
			attributes = {
				BuildIndependentTargetsInParallel = 1;
				LastSwiftUpdateCheck = 1320;
				LastUpgradeCheck = 1320;
				TargetAttributes = {
					0C8184DB288FBFA400925CEA = {
						CreatedOnToolsVersion = 13.2.1;
					};
				};
			};
			buildConfigurationList = 0C8184D7288FBFA400925CEA /* Build configuration list for PBXProject "iChat" */;
			compatibilityVersion = "Xcode 13.0";
			developmentRegion = en;
			hasScannedForEncodings = 0;
			knownRegions = (
				en,
				Base,
			);
			mainGroup = 0C8184D3288FBFA400925CEA;
			productRefGroup = 0C8184DD288FBFA400925CEA /* Products */;
			projectDirPath = "";
			projectRoot = "";
			targets = (
				0C8184DB288FBFA400925CEA /* iChat */,
			);
		};
/* End PBXProject section */

/* Begin PBXResourcesBuildPhase section */
		0C8184DA288FBFA400925CEA /* Resources */ = {
			isa = PBXResourcesBuildPhase;
			buildActionMask = 2147483647;
			files = (
				0CFEF4BB28CDFA9A00722948 /* users.json in Resources */,
				0CC14D6928B3FD2600CB0D13 /* waitingChats.json in Resources */,
				0C8184EC288FBFA800925CEA /* LaunchScreen.storyboard in Resources */,
				0C8184E9288FBFA800925CEA /* Assets.xcassets in Resources */,
				0CC14D6A28B3FD2600CB0D13 /* activeChats.json in Resources */,
			);
			runOnlyForDeploymentPostprocessing = 0;
		};
/* End PBXResourcesBuildPhase section */

/* Begin PBXSourcesBuildPhase section */
		0C8184D8288FBFA400925CEA /* Sources */ = {
			isa = PBXSourcesBuildPhase;
			buildActionMask = 2147483647;
			files = (
				0C7CE1652897A1FC00217CE7 /* ListViewController.swift in Sources */,
				0C86F9D228944B4400BB7B2A /* SetupProfileViewController.swift in Sources */,
				0C2B0B4528B68A0B00D03CD6 /* GradientView.swift in Sources */,
				0C703D0F289150FA00E88921 /* OneLineTextField.swift in Sources */,
				0C703D0D28914C2800E88921 /* SignUpViewController.swift in Sources */,
				0CFEF4CC28CE4F3C00722948 /* UserCell.swift in Sources */,
				0CB90BD828B53C5A007A2591 /* ActiveChatCell.swift in Sources */,
				0CFEF4BF28CDFB1B00722948 /* MUser.swift in Sources */,
				0CFEF4CE28CE502D00722948 /* SelfConfigureCellProtocol.swift in Sources */,
				0C703CFF2891069C00E88921 /* UIFont + Extension.swift in Sources */,
				0C7CE1682897A92400217CE7 /* PeopleViewController.swift in Sources */,
				0C703D0B2891209400E88921 /* UiStackView + Extension.swift in Sources */,
				0C8184E4288FBFA400925CEA /* AuthViewController.swift in Sources */,
				0C703D032891079400E88921 /* UIImageView + Extension.swift in Sources */,
				0C86F9D42894F6D300BB7B2A /* AddPhotoView.swift in Sources */,
				0C86F9D628951D1E00BB7B2A /* UISegmentetController + Extension.swift in Sources */,
				0C7CE16A2897A95C00217CE7 /* MainTabBarController.swift in Sources */,
				0C703D09289118D800E88921 /* ButtonFormView.swift in Sources */,
				0C8184E0288FBFA400925CEA /* AppDelegate.swift in Sources */,
				0C8184E2288FBFA400925CEA /* SceneDelegate.swift in Sources */,
				0C2B0B4728B69AF200D03CD6 /* WaitingChatCell.swift in Sources */,
				0CFEF4D028CE520A00722948 /* UIViewController + Extension.swift in Sources */,
				0CC14D6C28B3FDCE00CB0D13 /* Bundle-Decodeble.swift in Sources */,
				0C703D012891072400E88921 /* UIlabel + Extension.swift in Sources */,
				0CD50F1A28B7E6250032E81F /* SectionHeader.swift in Sources */,
				0CFEF4BD28CDFB0200722948 /* MChat.swift in Sources */,
				0C703D0728910B7E00E88921 /* UIColor + Extension.swift in Sources */,
				0C93D6AE28D24ED900986563 /* ProfileUserViewController.swift in Sources */,
				0C86F9D02893B2A500BB7B2A /* LoginViewController.swift in Sources */,
				0C703CFD2891014E00E88921 /* UIButton + Extension.swift in Sources */,
			);
			runOnlyForDeploymentPostprocessing = 0;
		};
/* End PBXSourcesBuildPhase section */

/* Begin PBXVariantGroup section */
		0C8184EA288FBFA800925CEA /* LaunchScreen.storyboard */ = {
			isa = PBXVariantGroup;
			children = (
				0C8184EB288FBFA800925CEA /* Base */,
			);
			name = LaunchScreen.storyboard;
			sourceTree = "<group>";
		};
/* End PBXVariantGroup section */

/* Begin XCBuildConfiguration section */
		0C8184EE288FBFA800925CEA /* Debug */ = {
			isa = XCBuildConfiguration;
			buildSettings = {
				ALWAYS_SEARCH_USER_PATHS = NO;
				CLANG_ANALYZER_NONNULL = YES;
				CLANG_ANALYZER_NUMBER_OBJECT_CONVERSION = YES_AGGRESSIVE;
				CLANG_CXX_LANGUAGE_STANDARD = "gnu++17";
				CLANG_CXX_LIBRARY = "libc++";
				CLANG_ENABLE_MODULES = YES;
				CLANG_ENABLE_OBJC_ARC = YES;
				CLANG_ENABLE_OBJC_WEAK = YES;
				CLANG_WARN_BLOCK_CAPTURE_AUTORELEASING = YES;
				CLANG_WARN_BOOL_CONVERSION = YES;
				CLANG_WARN_COMMA = YES;
				CLANG_WARN_CONSTANT_CONVERSION = YES;
				CLANG_WARN_DEPRECATED_OBJC_IMPLEMENTATIONS = YES;
				CLANG_WARN_DIRECT_OBJC_ISA_USAGE = YES_ERROR;
				CLANG_WARN_DOCUMENTATION_COMMENTS = YES;
				CLANG_WARN_EMPTY_BODY = YES;
				CLANG_WARN_ENUM_CONVERSION = YES;
				CLANG_WARN_INFINITE_RECURSION = YES;
				CLANG_WARN_INT_CONVERSION = YES;
				CLANG_WARN_NON_LITERAL_NULL_CONVERSION = YES;
				CLANG_WARN_OBJC_IMPLICIT_RETAIN_SELF = YES;
				CLANG_WARN_OBJC_LITERAL_CONVERSION = YES;
				CLANG_WARN_OBJC_ROOT_CLASS = YES_ERROR;
				CLANG_WARN_QUOTED_INCLUDE_IN_FRAMEWORK_HEADER = YES;
				CLANG_WARN_RANGE_LOOP_ANALYSIS = YES;
				CLANG_WARN_STRICT_PROTOTYPES = YES;
				CLANG_WARN_SUSPICIOUS_MOVE = YES;
				CLANG_WARN_UNGUARDED_AVAILABILITY = YES_AGGRESSIVE;
				CLANG_WARN_UNREACHABLE_CODE = YES;
				CLANG_WARN__DUPLICATE_METHOD_MATCH = YES;
				COPY_PHASE_STRIP = NO;
				DEBUG_INFORMATION_FORMAT = dwarf;
				ENABLE_STRICT_OBJC_MSGSEND = YES;
				ENABLE_TESTABILITY = YES;
				GCC_C_LANGUAGE_STANDARD = gnu11;
				GCC_DYNAMIC_NO_PIC = NO;
				GCC_NO_COMMON_BLOCKS = YES;
				GCC_OPTIMIZATION_LEVEL = 0;
				GCC_PREPROCESSOR_DEFINITIONS = (
					"DEBUG=1",
					"$(inherited)",
				);
				GCC_WARN_64_TO_32_BIT_CONVERSION = YES;
				GCC_WARN_ABOUT_RETURN_TYPE = YES_ERROR;
				GCC_WARN_UNDECLARED_SELECTOR = YES;
				GCC_WARN_UNINITIALIZED_AUTOS = YES_AGGRESSIVE;
				GCC_WARN_UNUSED_FUNCTION = YES;
				GCC_WARN_UNUSED_VARIABLE = YES;
				IPHONEOS_DEPLOYMENT_TARGET = 15.2;
				MTL_ENABLE_DEBUG_INFO = INCLUDE_SOURCE;
				MTL_FAST_MATH = YES;
				ONLY_ACTIVE_ARCH = YES;
				SDKROOT = iphoneos;
				SWIFT_ACTIVE_COMPILATION_CONDITIONS = DEBUG;
				SWIFT_OPTIMIZATION_LEVEL = "-Onone";
			};
			name = Debug;
		};
		0C8184EF288FBFA800925CEA /* Release */ = {
			isa = XCBuildConfiguration;
			buildSettings = {
				ALWAYS_SEARCH_USER_PATHS = NO;
				CLANG_ANALYZER_NONNULL = YES;
				CLANG_ANALYZER_NUMBER_OBJECT_CONVERSION = YES_AGGRESSIVE;
				CLANG_CXX_LANGUAGE_STANDARD = "gnu++17";
				CLANG_CXX_LIBRARY = "libc++";
				CLANG_ENABLE_MODULES = YES;
				CLANG_ENABLE_OBJC_ARC = YES;
				CLANG_ENABLE_OBJC_WEAK = YES;
				CLANG_WARN_BLOCK_CAPTURE_AUTORELEASING = YES;
				CLANG_WARN_BOOL_CONVERSION = YES;
				CLANG_WARN_COMMA = YES;
				CLANG_WARN_CONSTANT_CONVERSION = YES;
				CLANG_WARN_DEPRECATED_OBJC_IMPLEMENTATIONS = YES;
				CLANG_WARN_DIRECT_OBJC_ISA_USAGE = YES_ERROR;
				CLANG_WARN_DOCUMENTATION_COMMENTS = YES;
				CLANG_WARN_EMPTY_BODY = YES;
				CLANG_WARN_ENUM_CONVERSION = YES;
				CLANG_WARN_INFINITE_RECURSION = YES;
				CLANG_WARN_INT_CONVERSION = YES;
				CLANG_WARN_NON_LITERAL_NULL_CONVERSION = YES;
				CLANG_WARN_OBJC_IMPLICIT_RETAIN_SELF = YES;
				CLANG_WARN_OBJC_LITERAL_CONVERSION = YES;
				CLANG_WARN_OBJC_ROOT_CLASS = YES_ERROR;
				CLANG_WARN_QUOTED_INCLUDE_IN_FRAMEWORK_HEADER = YES;
				CLANG_WARN_RANGE_LOOP_ANALYSIS = YES;
				CLANG_WARN_STRICT_PROTOTYPES = YES;
				CLANG_WARN_SUSPICIOUS_MOVE = YES;
				CLANG_WARN_UNGUARDED_AVAILABILITY = YES_AGGRESSIVE;
				CLANG_WARN_UNREACHABLE_CODE = YES;
				CLANG_WARN__DUPLICATE_METHOD_MATCH = YES;
				COPY_PHASE_STRIP = NO;
				DEBUG_INFORMATION_FORMAT = "dwarf-with-dsym";
				ENABLE_NS_ASSERTIONS = NO;
				ENABLE_STRICT_OBJC_MSGSEND = YES;
				GCC_C_LANGUAGE_STANDARD = gnu11;
				GCC_NO_COMMON_BLOCKS = YES;
				GCC_WARN_64_TO_32_BIT_CONVERSION = YES;
				GCC_WARN_ABOUT_RETURN_TYPE = YES_ERROR;
				GCC_WARN_UNDECLARED_SELECTOR = YES;
				GCC_WARN_UNINITIALIZED_AUTOS = YES_AGGRESSIVE;
				GCC_WARN_UNUSED_FUNCTION = YES;
				GCC_WARN_UNUSED_VARIABLE = YES;
				IPHONEOS_DEPLOYMENT_TARGET = 15.2;
				MTL_ENABLE_DEBUG_INFO = NO;
				MTL_FAST_MATH = YES;
				SDKROOT = iphoneos;
				SWIFT_COMPILATION_MODE = wholemodule;
				SWIFT_OPTIMIZATION_LEVEL = "-O";
				VALIDATE_PRODUCT = YES;
			};
			name = Release;
		};
		0C8184F1288FBFA800925CEA /* Debug */ = {
			isa = XCBuildConfiguration;
			buildSettings = {
				ASSETCATALOG_COMPILER_APPICON_NAME = AppIcon;
				ASSETCATALOG_COMPILER_GLOBAL_ACCENT_COLOR_NAME = AccentColor;
				CODE_SIGN_STYLE = Automatic;
				CURRENT_PROJECT_VERSION = 1;
				DEVELOPMENT_TEAM = W856DM7S8L;
				GENERATE_INFOPLIST_FILE = YES;
				INFOPLIST_FILE = iChat/Info.plist;
				INFOPLIST_KEY_UIApplicationSupportsIndirectInputEvents = YES;
				INFOPLIST_KEY_UILaunchStoryboardName = LaunchScreen;
				INFOPLIST_KEY_UISupportedInterfaceOrientations_iPad = "UIInterfaceOrientationPortrait UIInterfaceOrientationPortraitUpsideDown UIInterfaceOrientationLandscapeLeft UIInterfaceOrientationLandscapeRight";
				INFOPLIST_KEY_UISupportedInterfaceOrientations_iPhone = "UIInterfaceOrientationPortrait UIInterfaceOrientationLandscapeLeft UIInterfaceOrientationLandscapeRight";
				LD_RUNPATH_SEARCH_PATHS = (
					"$(inherited)",
					"@executable_path/Frameworks",
				);
				MARKETING_VERSION = 1.0;
				PRODUCT_BUNDLE_IDENTIFIER = com.Djinsolobzik.iChat;
				PRODUCT_NAME = "$(TARGET_NAME)";
				SWIFT_EMIT_LOC_STRINGS = YES;
				SWIFT_VERSION = 5.0;
				TARGETED_DEVICE_FAMILY = "1,2";
			};
			name = Debug;
		};
		0C8184F2288FBFA800925CEA /* Release */ = {
			isa = XCBuildConfiguration;
			buildSettings = {
				ASSETCATALOG_COMPILER_APPICON_NAME = AppIcon;
				ASSETCATALOG_COMPILER_GLOBAL_ACCENT_COLOR_NAME = AccentColor;
				CODE_SIGN_STYLE = Automatic;
				CURRENT_PROJECT_VERSION = 1;
				DEVELOPMENT_TEAM = W856DM7S8L;
				GENERATE_INFOPLIST_FILE = YES;
				INFOPLIST_FILE = iChat/Info.plist;
				INFOPLIST_KEY_UIApplicationSupportsIndirectInputEvents = YES;
				INFOPLIST_KEY_UILaunchStoryboardName = LaunchScreen;
				INFOPLIST_KEY_UISupportedInterfaceOrientations_iPad = "UIInterfaceOrientationPortrait UIInterfaceOrientationPortraitUpsideDown UIInterfaceOrientationLandscapeLeft UIInterfaceOrientationLandscapeRight";
				INFOPLIST_KEY_UISupportedInterfaceOrientations_iPhone = "UIInterfaceOrientationPortrait UIInterfaceOrientationLandscapeLeft UIInterfaceOrientationLandscapeRight";
				LD_RUNPATH_SEARCH_PATHS = (
					"$(inherited)",
					"@executable_path/Frameworks",
				);
				MARKETING_VERSION = 1.0;
				PRODUCT_BUNDLE_IDENTIFIER = com.Djinsolobzik.iChat;
				PRODUCT_NAME = "$(TARGET_NAME)";
				SWIFT_EMIT_LOC_STRINGS = YES;
				SWIFT_VERSION = 5.0;
				TARGETED_DEVICE_FAMILY = "1,2";
			};
			name = Release;
		};
/* End XCBuildConfiguration section */

/* Begin XCConfigurationList section */
		0C8184D7288FBFA400925CEA /* Build configuration list for PBXProject "iChat" */ = {
			isa = XCConfigurationList;
			buildConfigurations = (
				0C8184EE288FBFA800925CEA /* Debug */,
				0C8184EF288FBFA800925CEA /* Release */,
			);
			defaultConfigurationIsVisible = 0;
			defaultConfigurationName = Release;
		};
		0C8184F0288FBFA800925CEA /* Build configuration list for PBXNativeTarget "iChat" */ = {
			isa = XCConfigurationList;
			buildConfigurations = (
				0C8184F1288FBFA800925CEA /* Debug */,
				0C8184F2288FBFA800925CEA /* Release */,
			);
			defaultConfigurationIsVisible = 0;
			defaultConfigurationName = Release;
		};
/* End XCConfigurationList section */
	};
	rootObject = 0C8184D4288FBFA400925CEA /* Project object */;
}
